
Microsoft Visual Studio Solution File, Format Version 12.00
# Visual Studio Version 16
VisualStudioVersion = 16.0.30413.136
MinimumVisualStudioVersion = 10.0.40219.1
Project("{FAE04EC0-301F-11D3-BF4B-00C04F79EFBC}") = "XamarinForms.LabelApp.Android", "XamarinForms.LabelApp\XamarinForms.LabelApp.Android\XamarinForms.LabelApp.Android.csproj", "{95E1008C-F92E-4A8A-BDB6-DB2FC9E44625}"
EndProject
Project("{FAE04EC0-301F-11D3-BF4B-00C04F79EFBC}") = "XamarinForms.LabelApp.iOS", "XamarinForms.LabelApp\XamarinForms.LabelApp.iOS\XamarinForms.LabelApp.iOS.csproj", "{62317A16-9557-4E16-BDD4-EF131AA3F567}"
EndProject
Project("{FAE04EC0-301F-11D3-BF4B-00C04F79EFBC}") = "XamarinForms.LabelApp", "XamarinForms.LabelApp\XamarinForms.LabelApp\XamarinForms.LabelApp.csproj", "{5A24A67D-36A2-43E8-967F-DB11983BD11B}"
EndProject
Global
	GlobalSection(SolutionConfigurationPlatforms) = preSolution
		Debug|Any CPU = Debug|Any CPU
		Debug|iPhone = Debug|iPhone
		Debug|iPhoneSimulator = Debug|iPhoneSimulator
		Release|Any CPU = Release|Any CPU
		Release|iPhone = Release|iPhone
		Release|iPhoneSimulator = Release|iPhoneSimulator
	EndGlobalSection
	GlobalSection(ProjectConfigurationPlatforms) = postSolution
		{95E1008C-F92E-4A8A-BDB6-DB2FC9E44625}.Debug|Any CPU.ActiveCfg = Debug|Any CPU
		{95E1008C-F92E-4A8A-BDB6-DB2FC9E44625}.Debug|Any CPU.Build.0 = Debug|Any CPU
		{95E1008C-F92E-4A8A-BDB6-DB2FC9E44625}.Debug|Any CPU.Deploy.0 = Debug|Any CPU
		{95E1008C-F92E-4A8A-BDB6-DB2FC9E44625}.Debug|iPhone.ActiveCfg = Debug|Any CPU
		{95E1008C-F92E-4A8A-BDB6-DB2FC9E44625}.Debug|iPhone.Build.0 = Debug|Any CPU
		{95E1008C-F92E-4A8A-BDB6-DB2FC9E44625}.Debug|iPhone.Deploy.0 = Debug|Any CPU
		{95E1008C-F92E-4A8A-BDB6-DB2FC9E44625}.Debug|iPhoneSimulator.ActiveCfg = Debug|Any CPU
		{95E1008C-F92E-4A8A-BDB6-DB2FC9E44625}.Debug|iPhoneSimulator.Build.0 = Debug|Any CPU
		{95E1008C-F92E-4A8A-BDB6-DB2FC9E44625}.Debug|iPhoneSimulator.Deploy.0 = Debug|Any CPU
		{95E1008C-F92E-4A8A-BDB6-DB2FC9E44625}.Release|Any CPU.ActiveCfg = Release|Any CPU
		{95E1008C-F92E-4A8A-BDB6-DB2FC9E44625}.Release|Any CPU.Build.0 = Release|Any CPU
		{95E1008C-F92E-4A8A-BDB6-DB2FC9E44625}.Release|Any CPU.Deploy.0 = Release|Any CPU
		{95E1008C-F92E-4A8A-BDB6-DB2FC9E44625}.Release|iPhone.ActiveCfg = Release|Any CPU
		{95E1008C-F92E-4A8A-BDB6-DB2FC9E44625}.Release|iPhone.Build.0 = Release|Any CPU
		{95E1008C-F92E-4A8A-BDB6-DB2FC9E44625}.Release|iPhone.Deploy.0 = Release|Any CPU
		{95E1008C-F92E-4A8A-BDB6-DB2FC9E44625}.Release|iPhoneSimulator.ActiveCfg = Release|Any CPU
		{95E1008C-F92E-4A8A-BDB6-DB2FC9E44625}.Release|iPhoneSimulator.Build.0 = Release|Any CPU
		{95E1008C-F92E-4A8A-BDB6-DB2FC9E44625}.Release|iPhoneSimulator.Deploy.0 = Release|Any CPU
		{62317A16-9557-4E16-BDD4-EF131AA3F567}.Debug|Any CPU.ActiveCfg = Debug|iPhone
		{62317A16-9557-4E16-BDD4-EF131AA3F567}.Debug|Any CPU.Build.0 = Debug|iPhone
		{62317A16-9557-4E16-BDD4-EF131AA3F567}.Debug|Any CPU.Deploy.0 = Debug|iPhone
		{62317A16-9557-4E16-BDD4-EF131AA3F567}.Debug|iPhone.ActiveCfg = Debug|iPhone
		{62317A16-9557-4E16-BDD4-EF131AA3F567}.Debug|iPhone.Build.0 = Debug|iPhone
		{62317A16-9557-4E16-BDD4-EF131AA3F567}.Debug|iPhone.Deploy.0 = Debug|iPhone
		{62317A16-9557-4E16-BDD4-EF131AA3F567}.Debug|iPhoneSimulator.ActiveCfg = Debug|iPhoneSimulator
		{62317A16-9557-4E16-BDD4-EF131AA3F567}.Debug|iPhoneSimulator.Build.0 = Debug|iPhoneSimulator
		{62317A16-9557-4E16-BDD4-EF131AA3F567}.Debug|iPhoneSimulator.Deploy.0 = Debug|iPhoneSimulator
		{62317A16-9557-4E16-BDD4-EF131AA3F567}.Release|Any CPU.ActiveCfg = Release|iPhone
		{62317A16-9557-4E16-BDD4-EF131AA3F567}.Release|Any CPU.Build.0 = Release|iPhone
		{62317A16-9557-4E16-BDD4-EF131AA3F567}.Release|Any CPU.Deploy.0 = Release|iPhone
		{62317A16-9557-4E16-BDD4-EF131AA3F567}.Release|iPhone.ActiveCfg = Release|iPhone
		{62317A16-9557-4E16-BDD4-EF131AA3F567}.Release|iPhone.Build.0 = Release|iPhone
		{62317A16-9557-4E16-BDD4-EF131AA3F567}.Release|iPhone.Deploy.0 = Release|iPhone
		{62317A16-9557-4E16-BDD4-EF131AA3F567}.Release|iPhoneSimulator.ActiveCfg = Release|iPhoneSimulator
		{62317A16-9557-4E16-BDD4-EF131AA3F567}.Release|iPhoneSimulator.Build.0 = Release|iPhoneSimulator
		{62317A16-9557-4E16-BDD4-EF131AA3F567}.Release|iPhoneSimulator.Deploy.0 = Release|iPhoneSimulator
		{5A24A67D-36A2-43E8-967F-DB11983BD11B}.Debug|Any CPU.ActiveCfg = Debug|Any CPU
		{5A24A67D-36A2-43E8-967F-DB11983BD11B}.Debug|Any CPU.Build.0 = Debug|Any CPU
		{5A24A67D-36A2-43E8-967F-DB11983BD11B}.Debug|Any CPU.Deploy.0 = Debug|Any CPU
		{5A24A67D-36A2-43E8-967F-DB11983BD11B}.Debug|iPhone.ActiveCfg = Debug|Any CPU
		{5A24A67D-36A2-43E8-967F-DB11983BD11B}.Debug|iPhone.Build.0 = Debug|Any CPU
		{5A24A67D-36A2-43E8-967F-DB11983BD11B}.Debug|iPhone.Deploy.0 = Debug|Any CPU
		{5A24A67D-36A2-43E8-967F-DB11983BD11B}.Debug|iPhoneSimulator.ActiveCfg = Debug|Any CPU
		{5A24A67D-36A2-43E8-967F-DB11983BD11B}.Debug|iPhoneSimulator.Build.0 = Debug|Any CPU
		{5A24A67D-36A2-43E8-967F-DB11983BD11B}.Debug|iPhoneSimulator.Deploy.0 = Debug|Any CPU
		{5A24A67D-36A2-43E8-967F-DB11983BD11B}.Release|Any CPU.ActiveCfg = Release|Any CPU
		{5A24A67D-36A2-43E8-967F-DB11983BD11B}.Release|Any CPU.Build.0 = Release|Any CPU
		{5A24A67D-36A2-43E8-967F-DB11983BD11B}.Release|Any CPU.Deploy.0 = Release|Any CPU
		{5A24A67D-36A2-43E8-967F-DB11983BD11B}.Release|iPhone.ActiveCfg = Release|Any CPU
		{5A24A67D-36A2-43E8-967F-DB11983BD11B}.Release|iPhone.Build.0 = Release|Any CPU
		{5A24A67D-36A2-43E8-967F-DB11983BD11B}.Release|iPhone.Deploy.0 = Release|Any CPU
		{5A24A67D-36A2-43E8-967F-DB11983BD11B}.Release|iPhoneSimulator.ActiveCfg = Release|Any CPU
		{5A24A67D-36A2-43E8-967F-DB11983BD11B}.Release|iPhoneSimulator.Build.0 = Release|Any CPU
		{5A24A67D-36A2-43E8-967F-DB11983BD11B}.Release|iPhoneSimulator.Deploy.0 = Release|Any CPU
	EndGlobalSection
	GlobalSection(SolutionProperties) = preSolution
		HideSolutionNode = FALSE
	EndGlobalSection
	GlobalSection(ExtensibilityGlobals) = postSolution
		SolutionGuid = {F473BA3A-FFA8-4985-B78A-470FEBC05B8A}
	EndGlobalSection
EndGlobal
