
Microsoft Visual Studio Solution File, Format Version 12.00
# Visual Studio Version 16
VisualStudioVersion = 16.0.30413.136
MinimumVisualStudioVersion = 10.0.40219.1
Project("{FAE04EC0-301F-11D3-BF4B-00C04F79EFBC}") = "XamarinForms.ListViewApp.Android", "XamarinForms.ListViewApp\XamarinForms.ListViewApp.Android\XamarinForms.ListViewApp.Android.csproj", "{43CF1DDA-3C5D-411C-A793-C5441DA4ED7C}"
EndProject
Project("{FAE04EC0-301F-11D3-BF4B-00C04F79EFBC}") = "XamarinForms.ListViewApp.iOS", "XamarinForms.ListViewApp\XamarinForms.ListViewApp.iOS\XamarinForms.ListViewApp.iOS.csproj", "{57A9BFEE-2083-4CD0-BEB2-8DC4CBEAD98C}"
EndProject
Project("{FAE04EC0-301F-11D3-BF4B-00C04F79EFBC}") = "XamarinForms.ListViewApp", "XamarinForms.ListViewApp\XamarinForms.ListViewApp\XamarinForms.ListViewApp.csproj", "{D8E4EB8E-67CB-446A-9F43-8A42B2C11D1E}"
EndProject
Global
	GlobalSection(SolutionConfigurationPlatforms) = preSolution
		Debug|Any CPU = Debug|Any CPU
		Debug|iPhone = Debug|iPhone
		Debug|iPhoneSimulator = Debug|iPhoneSimulator
		Release|Any CPU = Release|Any CPU
		Release|iPhone = Release|iPhone
		Release|iPhoneSimulator = Release|iPhoneSimulator
	EndGlobalSection
	GlobalSection(ProjectConfigurationPlatforms) = postSolution
		{43CF1DDA-3C5D-411C-A793-C5441DA4ED7C}.Debug|Any CPU.ActiveCfg = Debug|Any CPU
		{43CF1DDA-3C5D-411C-A793-C5441DA4ED7C}.Debug|Any CPU.Build.0 = Debug|Any CPU
		{43CF1DDA-3C5D-411C-A793-C5441DA4ED7C}.Debug|Any CPU.Deploy.0 = Debug|Any CPU
		{43CF1DDA-3C5D-411C-A793-C5441DA4ED7C}.Debug|iPhone.ActiveCfg = Debug|Any CPU
		{43CF1DDA-3C5D-411C-A793-C5441DA4ED7C}.Debug|iPhone.Build.0 = Debug|Any CPU
		{43CF1DDA-3C5D-411C-A793-C5441DA4ED7C}.Debug|iPhone.Deploy.0 = Debug|Any CPU
		{43CF1DDA-3C5D-411C-A793-C5441DA4ED7C}.Debug|iPhoneSimulator.ActiveCfg = Debug|Any CPU
		{43CF1DDA-3C5D-411C-A793-C5441DA4ED7C}.Debug|iPhoneSimulator.Build.0 = Debug|Any CPU
		{43CF1DDA-3C5D-411C-A793-C5441DA4ED7C}.Debug|iPhoneSimulator.Deploy.0 = Debug|Any CPU
		{43CF1DDA-3C5D-411C-A793-C5441DA4ED7C}.Release|Any CPU.ActiveCfg = Release|Any CPU
		{43CF1DDA-3C5D-411C-A793-C5441DA4ED7C}.Release|Any CPU.Build.0 = Release|Any CPU
		{43CF1DDA-3C5D-411C-A793-C5441DA4ED7C}.Release|Any CPU.Deploy.0 = Release|Any CPU
		{43CF1DDA-3C5D-411C-A793-C5441DA4ED7C}.Release|iPhone.ActiveCfg = Release|Any CPU
		{43CF1DDA-3C5D-411C-A793-C5441DA4ED7C}.Release|iPhone.Build.0 = Release|Any CPU
		{43CF1DDA-3C5D-411C-A793-C5441DA4ED7C}.Release|iPhone.Deploy.0 = Release|Any CPU
		{43CF1DDA-3C5D-411C-A793-C5441DA4ED7C}.Release|iPhoneSimulator.ActiveCfg = Release|Any CPU
		{43CF1DDA-3C5D-411C-A793-C5441DA4ED7C}.Release|iPhoneSimulator.Build.0 = Release|Any CPU
		{43CF1DDA-3C5D-411C-A793-C5441DA4ED7C}.Release|iPhoneSimulator.Deploy.0 = Release|Any CPU
		{57A9BFEE-2083-4CD0-BEB2-8DC4CBEAD98C}.Debug|Any CPU.ActiveCfg = Debug|iPhone
		{57A9BFEE-2083-4CD0-BEB2-8DC4CBEAD98C}.Debug|Any CPU.Build.0 = Debug|iPhone
		{57A9BFEE-2083-4CD0-BEB2-8DC4CBEAD98C}.Debug|Any CPU.Deploy.0 = Debug|iPhone
		{57A9BFEE-2083-4CD0-BEB2-8DC4CBEAD98C}.Debug|iPhone.ActiveCfg = Debug|iPhone
		{57A9BFEE-2083-4CD0-BEB2-8DC4CBEAD98C}.Debug|iPhone.Build.0 = Debug|iPhone
		{57A9BFEE-2083-4CD0-BEB2-8DC4CBEAD98C}.Debug|iPhone.Deploy.0 = Debug|iPhone
		{57A9BFEE-2083-4CD0-BEB2-8DC4CBEAD98C}.Debug|iPhoneSimulator.ActiveCfg = Debug|iPhoneSimulator
		{57A9BFEE-2083-4CD0-BEB2-8DC4CBEAD98C}.Debug|iPhoneSimulator.Build.0 = Debug|iPhoneSimulator
		{57A9BFEE-2083-4CD0-BEB2-8DC4CBEAD98C}.Debug|iPhoneSimulator.Deploy.0 = Debug|iPhoneSimulator
		{57A9BFEE-2083-4CD0-BEB2-8DC4CBEAD98C}.Release|Any CPU.ActiveCfg = Release|iPhone
		{57A9BFEE-2083-4CD0-BEB2-8DC4CBEAD98C}.Release|Any CPU.Build.0 = Release|iPhone
		{57A9BFEE-2083-4CD0-BEB2-8DC4CBEAD98C}.Release|Any CPU.Deploy.0 = Release|iPhone
		{57A9BFEE-2083-4CD0-BEB2-8DC4CBEAD98C}.Release|iPhone.ActiveCfg = Release|iPhone
		{57A9BFEE-2083-4CD0-BEB2-8DC4CBEAD98C}.Release|iPhone.Build.0 = Release|iPhone
		{57A9BFEE-2083-4CD0-BEB2-8DC4CBEAD98C}.Release|iPhone.Deploy.0 = Release|iPhone
		{57A9BFEE-2083-4CD0-BEB2-8DC4CBEAD98C}.Release|iPhoneSimulator.ActiveCfg = Release|iPhoneSimulator
		{57A9BFEE-2083-4CD0-BEB2-8DC4CBEAD98C}.Release|iPhoneSimulator.Build.0 = Release|iPhoneSimulator
		{57A9BFEE-2083-4CD0-BEB2-8DC4CBEAD98C}.Release|iPhoneSimulator.Deploy.0 = Release|iPhoneSimulator
		{D8E4EB8E-67CB-446A-9F43-8A42B2C11D1E}.Debug|Any CPU.ActiveCfg = Debug|Any CPU
		{D8E4EB8E-67CB-446A-9F43-8A42B2C11D1E}.Debug|Any CPU.Build.0 = Debug|Any CPU
		{D8E4EB8E-67CB-446A-9F43-8A42B2C11D1E}.Debug|Any CPU.Deploy.0 = Debug|Any CPU
		{D8E4EB8E-67CB-446A-9F43-8A42B2C11D1E}.Debug|iPhone.ActiveCfg = Debug|Any CPU
		{D8E4EB8E-67CB-446A-9F43-8A42B2C11D1E}.Debug|iPhone.Build.0 = Debug|Any CPU
		{D8E4EB8E-67CB-446A-9F43-8A42B2C11D1E}.Debug|iPhone.Deploy.0 = Debug|Any CPU
		{D8E4EB8E-67CB-446A-9F43-8A42B2C11D1E}.Debug|iPhoneSimulator.ActiveCfg = Debug|Any CPU
		{D8E4EB8E-67CB-446A-9F43-8A42B2C11D1E}.Debug|iPhoneSimulator.Build.0 = Debug|Any CPU
		{D8E4EB8E-67CB-446A-9F43-8A42B2C11D1E}.Debug|iPhoneSimulator.Deploy.0 = Debug|Any CPU
		{D8E4EB8E-67CB-446A-9F43-8A42B2C11D1E}.Release|Any CPU.ActiveCfg = Release|Any CPU
		{D8E4EB8E-67CB-446A-9F43-8A42B2C11D1E}.Release|Any CPU.Build.0 = Release|Any CPU
		{D8E4EB8E-67CB-446A-9F43-8A42B2C11D1E}.Release|Any CPU.Deploy.0 = Release|Any CPU
		{D8E4EB8E-67CB-446A-9F43-8A42B2C11D1E}.Release|iPhone.ActiveCfg = Release|Any CPU
		{D8E4EB8E-67CB-446A-9F43-8A42B2C11D1E}.Release|iPhone.Build.0 = Release|Any CPU
		{D8E4EB8E-67CB-446A-9F43-8A42B2C11D1E}.Release|iPhone.Deploy.0 = Release|Any CPU
		{D8E4EB8E-67CB-446A-9F43-8A42B2C11D1E}.Release|iPhoneSimulator.ActiveCfg = Release|Any CPU
		{D8E4EB8E-67CB-446A-9F43-8A42B2C11D1E}.Release|iPhoneSimulator.Build.0 = Release|Any CPU
		{D8E4EB8E-67CB-446A-9F43-8A42B2C11D1E}.Release|iPhoneSimulator.Deploy.0 = Release|Any CPU
	EndGlobalSection
	GlobalSection(SolutionProperties) = preSolution
		HideSolutionNode = FALSE
	EndGlobalSection
	GlobalSection(ExtensibilityGlobals) = postSolution
		SolutionGuid = {02A069F7-B94D-4EC1-871A-ECB2F454638A}
	EndGlobalSection
EndGlobal
