
Microsoft Visual Studio Solution File, Format Version 12.00
# Visual Studio Version 16
VisualStudioVersion = 16.0.30413.136
MinimumVisualStudioVersion = 10.0.40219.1
Project("{FAE04EC0-301F-11D3-BF4B-00C04F79EFBC}") = "XamarinForms.FirstApp.Android", "XamarinForms.FirstApp\XamarinForms.FirstApp.Android\XamarinForms.FirstApp.Android.csproj", "{CF8C68D5-F6BB-4DCC-81E9-6B1791A534A1}"
EndProject
Project("{FAE04EC0-301F-11D3-BF4B-00C04F79EFBC}") = "XamarinForms.FirstApp.iOS", "XamarinForms.FirstApp\XamarinForms.FirstApp.iOS\XamarinForms.FirstApp.iOS.csproj", "{FE45F02D-144D-46DF-ABF9-291615B8AA2B}"
EndProject
Project("{FAE04EC0-301F-11D3-BF4B-00C04F79EFBC}") = "XamarinForms.FirstApp", "XamarinForms.FirstApp\XamarinForms.FirstApp\XamarinForms.FirstApp.csproj", "{4279BF12-7330-4156-8F01-374124CA3DA0}"
EndProject
Global
	GlobalSection(SolutionConfigurationPlatforms) = preSolution
		Debug|Any CPU = Debug|Any CPU
		Debug|iPhone = Debug|iPhone
		Debug|iPhoneSimulator = Debug|iPhoneSimulator
		Release|Any CPU = Release|Any CPU
		Release|iPhone = Release|iPhone
		Release|iPhoneSimulator = Release|iPhoneSimulator
	EndGlobalSection
	GlobalSection(ProjectConfigurationPlatforms) = postSolution
		{CF8C68D5-F6BB-4DCC-81E9-6B1791A534A1}.Debug|Any CPU.ActiveCfg = Debug|Any CPU
		{CF8C68D5-F6BB-4DCC-81E9-6B1791A534A1}.Debug|Any CPU.Build.0 = Debug|Any CPU
		{CF8C68D5-F6BB-4DCC-81E9-6B1791A534A1}.Debug|Any CPU.Deploy.0 = Debug|Any CPU
		{CF8C68D5-F6BB-4DCC-81E9-6B1791A534A1}.Debug|iPhone.ActiveCfg = Debug|Any CPU
		{CF8C68D5-F6BB-4DCC-81E9-6B1791A534A1}.Debug|iPhone.Build.0 = Debug|Any CPU
		{CF8C68D5-F6BB-4DCC-81E9-6B1791A534A1}.Debug|iPhone.Deploy.0 = Debug|Any CPU
		{CF8C68D5-F6BB-4DCC-81E9-6B1791A534A1}.Debug|iPhoneSimulator.ActiveCfg = Debug|Any CPU
		{CF8C68D5-F6BB-4DCC-81E9-6B1791A534A1}.Debug|iPhoneSimulator.Build.0 = Debug|Any CPU
		{CF8C68D5-F6BB-4DCC-81E9-6B1791A534A1}.Debug|iPhoneSimulator.Deploy.0 = Debug|Any CPU
		{CF8C68D5-F6BB-4DCC-81E9-6B1791A534A1}.Release|Any CPU.ActiveCfg = Release|Any CPU
		{CF8C68D5-F6BB-4DCC-81E9-6B1791A534A1}.Release|Any CPU.Build.0 = Release|Any CPU
		{CF8C68D5-F6BB-4DCC-81E9-6B1791A534A1}.Release|Any CPU.Deploy.0 = Release|Any CPU
		{CF8C68D5-F6BB-4DCC-81E9-6B1791A534A1}.Release|iPhone.ActiveCfg = Release|Any CPU
		{CF8C68D5-F6BB-4DCC-81E9-6B1791A534A1}.Release|iPhone.Build.0 = Release|Any CPU
		{CF8C68D5-F6BB-4DCC-81E9-6B1791A534A1}.Release|iPhone.Deploy.0 = Release|Any CPU
		{CF8C68D5-F6BB-4DCC-81E9-6B1791A534A1}.Release|iPhoneSimulator.ActiveCfg = Release|Any CPU
		{CF8C68D5-F6BB-4DCC-81E9-6B1791A534A1}.Release|iPhoneSimulator.Build.0 = Release|Any CPU
		{CF8C68D5-F6BB-4DCC-81E9-6B1791A534A1}.Release|iPhoneSimulator.Deploy.0 = Release|Any CPU
		{FE45F02D-144D-46DF-ABF9-291615B8AA2B}.Debug|Any CPU.ActiveCfg = Debug|iPhone
		{FE45F02D-144D-46DF-ABF9-291615B8AA2B}.Debug|Any CPU.Build.0 = Debug|iPhone
		{FE45F02D-144D-46DF-ABF9-291615B8AA2B}.Debug|Any CPU.Deploy.0 = Debug|iPhone
		{FE45F02D-144D-46DF-ABF9-291615B8AA2B}.Debug|iPhone.ActiveCfg = Debug|iPhone
		{FE45F02D-144D-46DF-ABF9-291615B8AA2B}.Debug|iPhone.Build.0 = Debug|iPhone
		{FE45F02D-144D-46DF-ABF9-291615B8AA2B}.Debug|iPhone.Deploy.0 = Debug|iPhone
		{FE45F02D-144D-46DF-ABF9-291615B8AA2B}.Debug|iPhoneSimulator.ActiveCfg = Debug|iPhoneSimulator
		{FE45F02D-144D-46DF-ABF9-291615B8AA2B}.Debug|iPhoneSimulator.Build.0 = Debug|iPhoneSimulator
		{FE45F02D-144D-46DF-ABF9-291615B8AA2B}.Debug|iPhoneSimulator.Deploy.0 = Debug|iPhoneSimulator
		{FE45F02D-144D-46DF-ABF9-291615B8AA2B}.Release|Any CPU.ActiveCfg = Release|iPhone
		{FE45F02D-144D-46DF-ABF9-291615B8AA2B}.Release|Any CPU.Build.0 = Release|iPhone
		{FE45F02D-144D-46DF-ABF9-291615B8AA2B}.Release|Any CPU.Deploy.0 = Release|iPhone
		{FE45F02D-144D-46DF-ABF9-291615B8AA2B}.Release|iPhone.ActiveCfg = Release|iPhone
		{FE45F02D-144D-46DF-ABF9-291615B8AA2B}.Release|iPhone.Build.0 = Release|iPhone
		{FE45F02D-144D-46DF-ABF9-291615B8AA2B}.Release|iPhone.Deploy.0 = Release|iPhone
		{FE45F02D-144D-46DF-ABF9-291615B8AA2B}.Release|iPhoneSimulator.ActiveCfg = Release|iPhoneSimulator
		{FE45F02D-144D-46DF-ABF9-291615B8AA2B}.Release|iPhoneSimulator.Build.0 = Release|iPhoneSimulator
		{FE45F02D-144D-46DF-ABF9-291615B8AA2B}.Release|iPhoneSimulator.Deploy.0 = Release|iPhoneSimulator
		{4279BF12-7330-4156-8F01-374124CA3DA0}.Debug|Any CPU.ActiveCfg = Debug|Any CPU
		{4279BF12-7330-4156-8F01-374124CA3DA0}.Debug|Any CPU.Build.0 = Debug|Any CPU
		{4279BF12-7330-4156-8F01-374124CA3DA0}.Debug|Any CPU.Deploy.0 = Debug|Any CPU
		{4279BF12-7330-4156-8F01-374124CA3DA0}.Debug|iPhone.ActiveCfg = Debug|Any CPU
		{4279BF12-7330-4156-8F01-374124CA3DA0}.Debug|iPhone.Build.0 = Debug|Any CPU
		{4279BF12-7330-4156-8F01-374124CA3DA0}.Debug|iPhone.Deploy.0 = Debug|Any CPU
		{4279BF12-7330-4156-8F01-374124CA3DA0}.Debug|iPhoneSimulator.ActiveCfg = Debug|Any CPU
		{4279BF12-7330-4156-8F01-374124CA3DA0}.Debug|iPhoneSimulator.Build.0 = Debug|Any CPU
		{4279BF12-7330-4156-8F01-374124CA3DA0}.Debug|iPhoneSimulator.Deploy.0 = Debug|Any CPU
		{4279BF12-7330-4156-8F01-374124CA3DA0}.Release|Any CPU.ActiveCfg = Release|Any CPU
		{4279BF12-7330-4156-8F01-374124CA3DA0}.Release|Any CPU.Build.0 = Release|Any CPU
		{4279BF12-7330-4156-8F01-374124CA3DA0}.Release|Any CPU.Deploy.0 = Release|Any CPU
		{4279BF12-7330-4156-8F01-374124CA3DA0}.Release|iPhone.ActiveCfg = Release|Any CPU
		{4279BF12-7330-4156-8F01-374124CA3DA0}.Release|iPhone.Build.0 = Release|Any CPU
		{4279BF12-7330-4156-8F01-374124CA3DA0}.Release|iPhone.Deploy.0 = Release|Any CPU
		{4279BF12-7330-4156-8F01-374124CA3DA0}.Release|iPhoneSimulator.ActiveCfg = Release|Any CPU
		{4279BF12-7330-4156-8F01-374124CA3DA0}.Release|iPhoneSimulator.Build.0 = Release|Any CPU
		{4279BF12-7330-4156-8F01-374124CA3DA0}.Release|iPhoneSimulator.Deploy.0 = Release|Any CPU
	EndGlobalSection
	GlobalSection(SolutionProperties) = preSolution
		HideSolutionNode = FALSE
	EndGlobalSection
	GlobalSection(ExtensibilityGlobals) = postSolution
		SolutionGuid = {7682252C-FA88-4352-8D8D-DBA8D121DA37}
	EndGlobalSection
EndGlobal
